
Microsoft Visual Studio Solution File, Format Version 12.00
# Visual Studio Version 17
VisualStudioVersion = 17.3.32811.315
MinimumVisualStudioVersion = 10.0.40219.1
Project("{FAE04EC0-301F-11D3-BF4B-00C04F79EFBC}") = "Peanut Butter Jelly", "Peanut Butter Jelly\Peanut Butter Jelly.csproj", "{BE8C14BC-66F9-4443-BF5E-6DC6B95282AD}"
EndProject
Global
	GlobalSection(SolutionConfigurationPlatforms) = preSolution
		Debug|Any CPU = Debug|Any CPU
		Release|Any CPU = Release|Any CPU
	EndGlobalSection
	GlobalSection(ProjectConfigurationPlatforms) = postSolution
		{BE8C14BC-66F9-4443-BF5E-6DC6B95282AD}.Debug|Any CPU.ActiveCfg = Debug|Any CPU
		{BE8C14BC-66F9-4443-BF5E-6DC6B95282AD}.Debug|Any CPU.Build.0 = Debug|Any CPU
		{BE8C14BC-66F9-4443-BF5E-6DC6B95282AD}.Release|Any CPU.ActiveCfg = Release|Any CPU
		{BE8C14BC-66F9-4443-BF5E-6DC6B95282AD}.Release|Any CPU.Build.0 = Release|Any CPU
	EndGlobalSection
	GlobalSection(SolutionProperties) = preSolution
		HideSolutionNode = FALSE
	EndGlobalSection
	GlobalSection(ExtensibilityGlobals) = postSolution
		SolutionGuid = {D5AFD158-2913-4195-9623-71B5ECD4D654}
	EndGlobalSection
EndGlobal
